
Microsoft Visual Studio Solution File, Format Version 12.00
# Visual Studio Version 16
VisualStudioVersion = 16.0.31112.23
MinimumVisualStudioVersion = 10.0.40219.1
Project("{FAE04EC0-301F-11D3-BF4B-00C04F79EFBC}") = "Laboratorio2", "Laboratorio2\Laboratorio2.csproj", "{4810A462-97F0-4DB2-BADD-9F8118A18394}"
EndProject
Global
	GlobalSection(SolutionConfigurationPlatforms) = preSolution
		Debug|Any CPU = Debug|Any CPU
		Release|Any CPU = Release|Any CPU
	EndGlobalSection
	GlobalSection(ProjectConfigurationPlatforms) = postSolution
		{4810A462-97F0-4DB2-BADD-9F8118A18394}.Debug|Any CPU.ActiveCfg = Debug|Any CPU
		{4810A462-97F0-4DB2-BADD-9F8118A18394}.Debug|Any CPU.Build.0 = Debug|Any CPU
		{4810A462-97F0-4DB2-BADD-9F8118A18394}.Release|Any CPU.ActiveCfg = Release|Any CPU
		{4810A462-97F0-4DB2-BADD-9F8118A18394}.Release|Any CPU.Build.0 = Release|Any CPU
	EndGlobalSection
	GlobalSection(SolutionProperties) = preSolution
		HideSolutionNode = FALSE
	EndGlobalSection
	GlobalSection(ExtensibilityGlobals) = postSolution
		SolutionGuid = {1F9B6CA6-1579-4704-952E-E52E4F19091F}
	EndGlobalSection
EndGlobal
